
Microsoft Visual Studio Solution File, Format Version 12.00
# Visual Studio 14
VisualStudioVersion = 14.0.25123.0
MinimumVisualStudioVersion = 10.0.40219.1
Project("{FAE04EC0-301F-11D3-BF4B-00C04F79EFBC}") = "MI9API", "MI9API\MI9API.csproj", "{674C3219-1443-49D1-A367-7B29892047F0}"
EndProject
Project("{FAE04EC0-301F-11D3-BF4B-00C04F79EFBC}") = "MI9TestModule.Tests", "MI9API.Tests\MI9TestModule.Tests.csproj", "{0C67C200-A7D7-4873-837F-0FD716553EEF}"
EndProject
Global
	GlobalSection(SolutionConfigurationPlatforms) = preSolution
		Debug|Any CPU = Debug|Any CPU
		Release|Any CPU = Release|Any CPU
	EndGlobalSection
	GlobalSection(ProjectConfigurationPlatforms) = postSolution
		{674C3219-1443-49D1-A367-7B29892047F0}.Debug|Any CPU.ActiveCfg = Debug|Any CPU
		{674C3219-1443-49D1-A367-7B29892047F0}.Debug|Any CPU.Build.0 = Debug|Any CPU
		{674C3219-1443-49D1-A367-7B29892047F0}.Release|Any CPU.ActiveCfg = Release|Any CPU
		{674C3219-1443-49D1-A367-7B29892047F0}.Release|Any CPU.Build.0 = Release|Any CPU
		{0C67C200-A7D7-4873-837F-0FD716553EEF}.Debug|Any CPU.ActiveCfg = Debug|Any CPU
		{0C67C200-A7D7-4873-837F-0FD716553EEF}.Debug|Any CPU.Build.0 = Debug|Any CPU
		{0C67C200-A7D7-4873-837F-0FD716553EEF}.Release|Any CPU.ActiveCfg = Release|Any CPU
		{0C67C200-A7D7-4873-837F-0FD716553EEF}.Release|Any CPU.Build.0 = Release|Any CPU
	EndGlobalSection
	GlobalSection(SolutionProperties) = preSolution
		HideSolutionNode = FALSE
	EndGlobalSection
EndGlobal
